
Microsoft Visual Studio Solution File, Format Version 12.00
# Visual Studio Version 17
VisualStudioVersion = 17.4.33015.44
MinimumVisualStudioVersion = 10.0.40219.1
Project("{9A19103F-16F7-4668-BE54-9A1E7A4F7556}") = "PLang", "PLang\PLang.csproj", "{DC3B10D1-03D5-4129-8280-A950129A5394}"
EndProject
Project("{9A19103F-16F7-4668-BE54-9A1E7A4F7556}") = "PLangTests", "PlangTests\PLangTests.csproj", "{AC1A349E-B577-4E3E-9179-10BA61A2E275}"
EndProject
Project("{9A19103F-16F7-4668-BE54-9A1E7A4F7556}") = "PLangConsole", "PlangConsole\PLangConsole.csproj", "{A588DA16-2ED7-4A2D-862E-CF67A27790C3}"
EndProject
Project("{9A19103F-16F7-4668-BE54-9A1E7A4F7556}") = "PLangWindowForms", "PlangWindowForms\PLangWindowForms.csproj", "{A9D706C1-3AF7-4A96-8AB7-F8952549E21E}"
EndProject
Project("{FAE04EC0-301F-11D3-BF4B-00C04F79EFBC}") = "PLang.Tests", "PLang.Tests\PLang.Tests.csproj", "{14BAED8E-940B-46FC-A744-B6B9903885D2}"
EndProject
Global
	GlobalSection(SolutionConfigurationPlatforms) = preSolution
		Debug|Any CPU = Debug|Any CPU
		Debug|x64 = Debug|x64
		Debug|x86 = Debug|x86
		Release|Any CPU = Release|Any CPU
		Release|x64 = Release|x64
		Release|x86 = Release|x86
	EndGlobalSection
	GlobalSection(ProjectConfigurationPlatforms) = postSolution
		{DC3B10D1-03D5-4129-8280-A950129A5394}.Debug|Any CPU.ActiveCfg = Debug|Any CPU
		{DC3B10D1-03D5-4129-8280-A950129A5394}.Debug|Any CPU.Build.0 = Debug|Any CPU
		{DC3B10D1-03D5-4129-8280-A950129A5394}.Debug|x64.ActiveCfg = Debug|Any CPU
		{DC3B10D1-03D5-4129-8280-A950129A5394}.Debug|x64.Build.0 = Debug|Any CPU
		{DC3B10D1-03D5-4129-8280-A950129A5394}.Debug|x86.ActiveCfg = Debug|Any CPU
		{DC3B10D1-03D5-4129-8280-A950129A5394}.Debug|x86.Build.0 = Debug|Any CPU
		{DC3B10D1-03D5-4129-8280-A950129A5394}.Release|Any CPU.ActiveCfg = Release|Any CPU
		{DC3B10D1-03D5-4129-8280-A950129A5394}.Release|Any CPU.Build.0 = Release|Any CPU
		{DC3B10D1-03D5-4129-8280-A950129A5394}.Release|x64.ActiveCfg = Release|Any CPU
		{DC3B10D1-03D5-4129-8280-A950129A5394}.Release|x64.Build.0 = Release|Any CPU
		{DC3B10D1-03D5-4129-8280-A950129A5394}.Release|x86.ActiveCfg = Release|Any CPU
		{DC3B10D1-03D5-4129-8280-A950129A5394}.Release|x86.Build.0 = Release|Any CPU
		{AC1A349E-B577-4E3E-9179-10BA61A2E275}.Debug|Any CPU.ActiveCfg = Debug|Any CPU
		{AC1A349E-B577-4E3E-9179-10BA61A2E275}.Debug|Any CPU.Build.0 = Debug|Any CPU
		{AC1A349E-B577-4E3E-9179-10BA61A2E275}.Debug|x64.ActiveCfg = Debug|Any CPU
		{AC1A349E-B577-4E3E-9179-10BA61A2E275}.Debug|x64.Build.0 = Debug|Any CPU
		{AC1A349E-B577-4E3E-9179-10BA61A2E275}.Debug|x86.ActiveCfg = Debug|Any CPU
		{AC1A349E-B577-4E3E-9179-10BA61A2E275}.Debug|x86.Build.0 = Debug|Any CPU
		{AC1A349E-B577-4E3E-9179-10BA61A2E275}.Release|Any CPU.ActiveCfg = Release|Any CPU
		{AC1A349E-B577-4E3E-9179-10BA61A2E275}.Release|Any CPU.Build.0 = Release|Any CPU
		{AC1A349E-B577-4E3E-9179-10BA61A2E275}.Release|x64.ActiveCfg = Release|Any CPU
		{AC1A349E-B577-4E3E-9179-10BA61A2E275}.Release|x64.Build.0 = Release|Any CPU
		{AC1A349E-B577-4E3E-9179-10BA61A2E275}.Release|x86.ActiveCfg = Release|Any CPU
		{AC1A349E-B577-4E3E-9179-10BA61A2E275}.Release|x86.Build.0 = Release|Any CPU
		{A588DA16-2ED7-4A2D-862E-CF67A27790C3}.Debug|Any CPU.ActiveCfg = Debug|Any CPU
		{A588DA16-2ED7-4A2D-862E-CF67A27790C3}.Debug|Any CPU.Build.0 = Debug|Any CPU
		{A588DA16-2ED7-4A2D-862E-CF67A27790C3}.Debug|x64.ActiveCfg = Debug|Any CPU
		{A588DA16-2ED7-4A2D-862E-CF67A27790C3}.Debug|x64.Build.0 = Debug|Any CPU
		{A588DA16-2ED7-4A2D-862E-CF67A27790C3}.Debug|x86.ActiveCfg = Debug|Any CPU
		{A588DA16-2ED7-4A2D-862E-CF67A27790C3}.Debug|x86.Build.0 = Debug|Any CPU
		{A588DA16-2ED7-4A2D-862E-CF67A27790C3}.Release|Any CPU.ActiveCfg = Release|Any CPU
		{A588DA16-2ED7-4A2D-862E-CF67A27790C3}.Release|Any CPU.Build.0 = Release|Any CPU
		{A588DA16-2ED7-4A2D-862E-CF67A27790C3}.Release|x64.ActiveCfg = Release|Any CPU
		{A588DA16-2ED7-4A2D-862E-CF67A27790C3}.Release|x64.Build.0 = Release|Any CPU
		{A588DA16-2ED7-4A2D-862E-CF67A27790C3}.Release|x86.ActiveCfg = Release|Any CPU
		{A588DA16-2ED7-4A2D-862E-CF67A27790C3}.Release|x86.Build.0 = Release|Any CPU
		{A9D706C1-3AF7-4A96-8AB7-F8952549E21E}.Debug|Any CPU.ActiveCfg = Debug|Any CPU
		{A9D706C1-3AF7-4A96-8AB7-F8952549E21E}.Debug|Any CPU.Build.0 = Debug|Any CPU
		{A9D706C1-3AF7-4A96-8AB7-F8952549E21E}.Debug|x64.ActiveCfg = Debug|Any CPU
		{A9D706C1-3AF7-4A96-8AB7-F8952549E21E}.Debug|x64.Build.0 = Debug|Any CPU
		{A9D706C1-3AF7-4A96-8AB7-F8952549E21E}.Debug|x86.ActiveCfg = Debug|Any CPU
		{A9D706C1-3AF7-4A96-8AB7-F8952549E21E}.Debug|x86.Build.0 = Debug|Any CPU
		{A9D706C1-3AF7-4A96-8AB7-F8952549E21E}.Release|Any CPU.ActiveCfg = Release|Any CPU
		{A9D706C1-3AF7-4A96-8AB7-F8952549E21E}.Release|Any CPU.Build.0 = Release|Any CPU
		{A9D706C1-3AF7-4A96-8AB7-F8952549E21E}.Release|x64.ActiveCfg = Release|Any CPU
		{A9D706C1-3AF7-4A96-8AB7-F8952549E21E}.Release|x64.Build.0 = Release|Any CPU
		{A9D706C1-3AF7-4A96-8AB7-F8952549E21E}.Release|x86.ActiveCfg = Release|Any CPU
		{A9D706C1-3AF7-4A96-8AB7-F8952549E21E}.Release|x86.Build.0 = Release|Any CPU
		{14BAED8E-940B-46FC-A744-B6B9903885D2}.Debug|Any CPU.ActiveCfg = Debug|Any CPU
		{14BAED8E-940B-46FC-A744-B6B9903885D2}.Debug|Any CPU.Build.0 = Debug|Any CPU
		{14BAED8E-940B-46FC-A744-B6B9903885D2}.Debug|x64.ActiveCfg = Debug|Any CPU
		{14BAED8E-940B-46FC-A744-B6B9903885D2}.Debug|x64.Build.0 = Debug|Any CPU
		{14BAED8E-940B-46FC-A744-B6B9903885D2}.Debug|x86.ActiveCfg = Debug|Any CPU
		{14BAED8E-940B-46FC-A744-B6B9903885D2}.Debug|x86.Build.0 = Debug|Any CPU
		{14BAED8E-940B-46FC-A744-B6B9903885D2}.Release|Any CPU.ActiveCfg = Release|Any CPU
		{14BAED8E-940B-46FC-A744-B6B9903885D2}.Release|Any CPU.Build.0 = Release|Any CPU
		{14BAED8E-940B-46FC-A744-B6B9903885D2}.Release|x64.ActiveCfg = Release|Any CPU
		{14BAED8E-940B-46FC-A744-B6B9903885D2}.Release|x64.Build.0 = Release|Any CPU
		{14BAED8E-940B-46FC-A744-B6B9903885D2}.Release|x86.ActiveCfg = Release|Any CPU
		{14BAED8E-940B-46FC-A744-B6B9903885D2}.Release|x86.Build.0 = Release|Any CPU
	EndGlobalSection
	GlobalSection(SolutionProperties) = preSolution
		HideSolutionNode = FALSE
	EndGlobalSection
	GlobalSection(ExtensibilityGlobals) = postSolution
		SolutionGuid = {AB5FF119-9C9F-44BA-B810-843521322817}
	EndGlobalSection
EndGlobal
