
Microsoft Visual Studio Solution File, Format Version 12.00
# Visual Studio Version 17
VisualStudioVersion = 17.4.33015.44
MinimumVisualStudioVersion = 10.0.40219.1
Project("{9A19103F-16F7-4668-BE54-9A1E7A4F7556}") = "PLang", "PLang\PLang.csproj", "{DC3B10D1-03D5-4129-8280-A950129A5394}"
EndProject
Project("{9A19103F-16F7-4668-BE54-9A1E7A4F7556}") = "PLangTests", "PlangTests\PLangTests.csproj", "{AC1A349E-B577-4E3E-9179-10BA61A2E275}"
EndProject
Project("{9A19103F-16F7-4668-BE54-9A1E7A4F7556}") = "PLangConsole", "PlangConsole\PLangConsole.csproj", "{A588DA16-2ED7-4A2D-862E-CF67A27790C3}"
EndProject
Project("{9A19103F-16F7-4668-BE54-9A1E7A4F7556}") = "PLangWindowForms", "PlangWindowForms\PLangWindowForms.csproj", "{A9D706C1-3AF7-4A96-8AB7-F8952549E21E}"
EndProject
Project("{FAE04EC0-301F-11D3-BF4B-00C04F79EFBC}") = "PLang.Generators", "PLang.Generators\PLang.Generators.csproj", "{5CE36CAA-4963-48BD-BC91-2D4877234EA6}"
EndProject
Project("{2150E333-8FDC-42A3-9474-1A3956D46DE8}") = "PLang.Tests", "PLang.Tests", "{06B99554-4727-E1A3-3947-2D0EB7A330A7}"
EndProject
Project("{2150E333-8FDC-42A3-9474-1A3956D46DE8}") = "Shared", "Shared", "{DBF414CE-E466-AF6A-9693-C8A5761A0E84}"
EndProject
Project("{FAE04EC0-301F-11D3-BF4B-00C04F79EFBC}") = "PLang.Tests.Shared", "PLang.Tests\Shared\PLang.Tests.Shared.csproj", "{5651F520-E9C4-4F96-9FC0-3481F76B89B5}"
EndProject
Project("{2150E333-8FDC-42A3-9474-1A3956D46DE8}") = "Modules", "Modules", "{8B46874D-F246-49B5-E495-1B29B5978DE5}"
EndProject
Project("{FAE04EC0-301F-11D3-BF4B-00C04F79EFBC}") = "PLang.Tests.Modules", "PLang.Tests\Modules\PLang.Tests.Modules.csproj", "{20980257-CC88-4D05-B261-2ECC8ED7FF29}"
EndProject
Project("{2150E333-8FDC-42A3-9474-1A3956D46DE8}") = "Types", "Types", "{57539CC6-0B5F-65CC-AE28-04ACAF09CC5F}"
EndProject
Project("{FAE04EC0-301F-11D3-BF4B-00C04F79EFBC}") = "PLang.Tests.Types", "PLang.Tests\Types\PLang.Tests.Types.csproj", "{27F76DFB-20E8-4184-8AE6-46D7ED3BABA5}"
EndProject
Project("{2150E333-8FDC-42A3-9474-1A3956D46DE8}") = "Wire", "Wire", "{918D3FED-AB16-7BB2-F54E-AA1C2B74674E}"
EndProject
Project("{FAE04EC0-301F-11D3-BF4B-00C04F79EFBC}") = "PLang.Tests.Wire", "PLang.Tests\Wire\PLang.Tests.Wire.csproj", "{260D9B17-5D2F-4EF4-8C1A-AD395505FF63}"
EndProject
Project("{2150E333-8FDC-42A3-9474-1A3956D46DE8}") = "Data", "Data", "{34A8AD83-7EE0-4B86-B452-38A414AA89E9}"
EndProject
Project("{FAE04EC0-301F-11D3-BF4B-00C04F79EFBC}") = "PLang.Tests.Data", "PLang.Tests\Data\PLang.Tests.Data.csproj", "{5216BD33-EE21-4666-BFF4-F8FA23109D35}"
EndProject
Project("{2150E333-8FDC-42A3-9474-1A3956D46DE8}") = "Generator", "Generator", "{88536BA5-6920-5495-2A4E-8B7C8BF94B4E}"
EndProject
Project("{FAE04EC0-301F-11D3-BF4B-00C04F79EFBC}") = "PLang.Tests.Generator", "PLang.Tests\Generator\PLang.Tests.Generator.csproj", "{7F65A10C-6039-4A69-8B53-DA640DB730C4}"
EndProject
Project("{2150E333-8FDC-42A3-9474-1A3956D46DE8}") = "Runtime", "Runtime", "{6C392E52-E4AF-E1DA-14FF-33CD6EC4508C}"
EndProject
Project("{FAE04EC0-301F-11D3-BF4B-00C04F79EFBC}") = "PLang.Tests.Runtime", "PLang.Tests\Runtime\PLang.Tests.Runtime.csproj", "{001D96A1-6792-48DA-B5DF-53A2FA75BDAA}"
EndProject
Global
	GlobalSection(SolutionConfigurationPlatforms) = preSolution
		Debug|Any CPU = Debug|Any CPU
		Debug|x64 = Debug|x64
		Debug|x86 = Debug|x86
		Release|Any CPU = Release|Any CPU
		Release|x64 = Release|x64
		Release|x86 = Release|x86
	EndGlobalSection
	GlobalSection(ProjectConfigurationPlatforms) = postSolution
		{DC3B10D1-03D5-4129-8280-A950129A5394}.Debug|Any CPU.ActiveCfg = Debug|Any CPU
		{DC3B10D1-03D5-4129-8280-A950129A5394}.Debug|Any CPU.Build.0 = Debug|Any CPU
		{DC3B10D1-03D5-4129-8280-A950129A5394}.Debug|x64.ActiveCfg = Debug|Any CPU
		{DC3B10D1-03D5-4129-8280-A950129A5394}.Debug|x64.Build.0 = Debug|Any CPU
		{DC3B10D1-03D5-4129-8280-A950129A5394}.Debug|x86.ActiveCfg = Debug|Any CPU
		{DC3B10D1-03D5-4129-8280-A950129A5394}.Debug|x86.Build.0 = Debug|Any CPU
		{DC3B10D1-03D5-4129-8280-A950129A5394}.Release|Any CPU.ActiveCfg = Release|Any CPU
		{DC3B10D1-03D5-4129-8280-A950129A5394}.Release|Any CPU.Build.0 = Release|Any CPU
		{DC3B10D1-03D5-4129-8280-A950129A5394}.Release|x64.ActiveCfg = Release|Any CPU
		{DC3B10D1-03D5-4129-8280-A950129A5394}.Release|x64.Build.0 = Release|Any CPU
		{DC3B10D1-03D5-4129-8280-A950129A5394}.Release|x86.ActiveCfg = Release|Any CPU
		{DC3B10D1-03D5-4129-8280-A950129A5394}.Release|x86.Build.0 = Release|Any CPU
		{AC1A349E-B577-4E3E-9179-10BA61A2E275}.Debug|Any CPU.ActiveCfg = Debug|Any CPU
		{AC1A349E-B577-4E3E-9179-10BA61A2E275}.Debug|Any CPU.Build.0 = Debug|Any CPU
		{AC1A349E-B577-4E3E-9179-10BA61A2E275}.Debug|x64.ActiveCfg = Debug|Any CPU
		{AC1A349E-B577-4E3E-9179-10BA61A2E275}.Debug|x64.Build.0 = Debug|Any CPU
		{AC1A349E-B577-4E3E-9179-10BA61A2E275}.Debug|x86.ActiveCfg = Debug|Any CPU
		{AC1A349E-B577-4E3E-9179-10BA61A2E275}.Debug|x86.Build.0 = Debug|Any CPU
		{AC1A349E-B577-4E3E-9179-10BA61A2E275}.Release|Any CPU.ActiveCfg = Release|Any CPU
		{AC1A349E-B577-4E3E-9179-10BA61A2E275}.Release|Any CPU.Build.0 = Release|Any CPU
		{AC1A349E-B577-4E3E-9179-10BA61A2E275}.Release|x64.ActiveCfg = Release|Any CPU
		{AC1A349E-B577-4E3E-9179-10BA61A2E275}.Release|x64.Build.0 = Release|Any CPU
		{AC1A349E-B577-4E3E-9179-10BA61A2E275}.Release|x86.ActiveCfg = Release|Any CPU
		{AC1A349E-B577-4E3E-9179-10BA61A2E275}.Release|x86.Build.0 = Release|Any CPU
		{A588DA16-2ED7-4A2D-862E-CF67A27790C3}.Debug|Any CPU.ActiveCfg = Debug|Any CPU
		{A588DA16-2ED7-4A2D-862E-CF67A27790C3}.Debug|Any CPU.Build.0 = Debug|Any CPU
		{A588DA16-2ED7-4A2D-862E-CF67A27790C3}.Debug|x64.ActiveCfg = Debug|Any CPU
		{A588DA16-2ED7-4A2D-862E-CF67A27790C3}.Debug|x64.Build.0 = Debug|Any CPU
		{A588DA16-2ED7-4A2D-862E-CF67A27790C3}.Debug|x86.ActiveCfg = Debug|Any CPU
		{A588DA16-2ED7-4A2D-862E-CF67A27790C3}.Debug|x86.Build.0 = Debug|Any CPU
		{A588DA16-2ED7-4A2D-862E-CF67A27790C3}.Release|Any CPU.ActiveCfg = Release|Any CPU
		{A588DA16-2ED7-4A2D-862E-CF67A27790C3}.Release|Any CPU.Build.0 = Release|Any CPU
		{A588DA16-2ED7-4A2D-862E-CF67A27790C3}.Release|x64.ActiveCfg = Release|Any CPU
		{A588DA16-2ED7-4A2D-862E-CF67A27790C3}.Release|x64.Build.0 = Release|Any CPU
		{A588DA16-2ED7-4A2D-862E-CF67A27790C3}.Release|x86.ActiveCfg = Release|Any CPU
		{A588DA16-2ED7-4A2D-862E-CF67A27790C3}.Release|x86.Build.0 = Release|Any CPU
		{A9D706C1-3AF7-4A96-8AB7-F8952549E21E}.Debug|Any CPU.ActiveCfg = Debug|Any CPU
		{A9D706C1-3AF7-4A96-8AB7-F8952549E21E}.Debug|Any CPU.Build.0 = Debug|Any CPU
		{A9D706C1-3AF7-4A96-8AB7-F8952549E21E}.Debug|x64.ActiveCfg = Debug|Any CPU
		{A9D706C1-3AF7-4A96-8AB7-F8952549E21E}.Debug|x64.Build.0 = Debug|Any CPU
		{A9D706C1-3AF7-4A96-8AB7-F8952549E21E}.Debug|x86.ActiveCfg = Debug|Any CPU
		{A9D706C1-3AF7-4A96-8AB7-F8952549E21E}.Debug|x86.Build.0 = Debug|Any CPU
		{A9D706C1-3AF7-4A96-8AB7-F8952549E21E}.Release|Any CPU.ActiveCfg = Release|Any CPU
		{A9D706C1-3AF7-4A96-8AB7-F8952549E21E}.Release|Any CPU.Build.0 = Release|Any CPU
		{A9D706C1-3AF7-4A96-8AB7-F8952549E21E}.Release|x64.ActiveCfg = Release|Any CPU
		{A9D706C1-3AF7-4A96-8AB7-F8952549E21E}.Release|x64.Build.0 = Release|Any CPU
		{A9D706C1-3AF7-4A96-8AB7-F8952549E21E}.Release|x86.ActiveCfg = Release|Any CPU
		{A9D706C1-3AF7-4A96-8AB7-F8952549E21E}.Release|x86.Build.0 = Release|Any CPU
		{5CE36CAA-4963-48BD-BC91-2D4877234EA6}.Debug|Any CPU.ActiveCfg = Debug|Any CPU
		{5CE36CAA-4963-48BD-BC91-2D4877234EA6}.Debug|Any CPU.Build.0 = Debug|Any CPU
		{5CE36CAA-4963-48BD-BC91-2D4877234EA6}.Debug|x64.ActiveCfg = Debug|Any CPU
		{5CE36CAA-4963-48BD-BC91-2D4877234EA6}.Debug|x64.Build.0 = Debug|Any CPU
		{5CE36CAA-4963-48BD-BC91-2D4877234EA6}.Debug|x86.ActiveCfg = Debug|Any CPU
		{5CE36CAA-4963-48BD-BC91-2D4877234EA6}.Debug|x86.Build.0 = Debug|Any CPU
		{5CE36CAA-4963-48BD-BC91-2D4877234EA6}.Release|Any CPU.ActiveCfg = Release|Any CPU
		{5CE36CAA-4963-48BD-BC91-2D4877234EA6}.Release|Any CPU.Build.0 = Release|Any CPU
		{5CE36CAA-4963-48BD-BC91-2D4877234EA6}.Release|x64.ActiveCfg = Release|Any CPU
		{5CE36CAA-4963-48BD-BC91-2D4877234EA6}.Release|x64.Build.0 = Release|Any CPU
		{5CE36CAA-4963-48BD-BC91-2D4877234EA6}.Release|x86.ActiveCfg = Release|Any CPU
		{5CE36CAA-4963-48BD-BC91-2D4877234EA6}.Release|x86.Build.0 = Release|Any CPU
		{5651F520-E9C4-4F96-9FC0-3481F76B89B5}.Debug|Any CPU.ActiveCfg = Debug|Any CPU
		{5651F520-E9C4-4F96-9FC0-3481F76B89B5}.Debug|Any CPU.Build.0 = Debug|Any CPU
		{5651F520-E9C4-4F96-9FC0-3481F76B89B5}.Debug|x64.ActiveCfg = Debug|Any CPU
		{5651F520-E9C4-4F96-9FC0-3481F76B89B5}.Debug|x64.Build.0 = Debug|Any CPU
		{5651F520-E9C4-4F96-9FC0-3481F76B89B5}.Debug|x86.ActiveCfg = Debug|Any CPU
		{5651F520-E9C4-4F96-9FC0-3481F76B89B5}.Debug|x86.Build.0 = Debug|Any CPU
		{5651F520-E9C4-4F96-9FC0-3481F76B89B5}.Release|Any CPU.ActiveCfg = Release|Any CPU
		{5651F520-E9C4-4F96-9FC0-3481F76B89B5}.Release|Any CPU.Build.0 = Release|Any CPU
		{5651F520-E9C4-4F96-9FC0-3481F76B89B5}.Release|x64.ActiveCfg = Release|Any CPU
		{5651F520-E9C4-4F96-9FC0-3481F76B89B5}.Release|x64.Build.0 = Release|Any CPU
		{5651F520-E9C4-4F96-9FC0-3481F76B89B5}.Release|x86.ActiveCfg = Release|Any CPU
		{5651F520-E9C4-4F96-9FC0-3481F76B89B5}.Release|x86.Build.0 = Release|Any CPU
		{20980257-CC88-4D05-B261-2ECC8ED7FF29}.Debug|Any CPU.ActiveCfg = Debug|Any CPU
		{20980257-CC88-4D05-B261-2ECC8ED7FF29}.Debug|Any CPU.Build.0 = Debug|Any CPU
		{20980257-CC88-4D05-B261-2ECC8ED7FF29}.Debug|x64.ActiveCfg = Debug|Any CPU
		{20980257-CC88-4D05-B261-2ECC8ED7FF29}.Debug|x64.Build.0 = Debug|Any CPU
		{20980257-CC88-4D05-B261-2ECC8ED7FF29}.Debug|x86.ActiveCfg = Debug|Any CPU
		{20980257-CC88-4D05-B261-2ECC8ED7FF29}.Debug|x86.Build.0 = Debug|Any CPU
		{20980257-CC88-4D05-B261-2ECC8ED7FF29}.Release|Any CPU.ActiveCfg = Release|Any CPU
		{20980257-CC88-4D05-B261-2ECC8ED7FF29}.Release|Any CPU.Build.0 = Release|Any CPU
		{20980257-CC88-4D05-B261-2ECC8ED7FF29}.Release|x64.ActiveCfg = Release|Any CPU
		{20980257-CC88-4D05-B261-2ECC8ED7FF29}.Release|x64.Build.0 = Release|Any CPU
		{20980257-CC88-4D05-B261-2ECC8ED7FF29}.Release|x86.ActiveCfg = Release|Any CPU
		{20980257-CC88-4D05-B261-2ECC8ED7FF29}.Release|x86.Build.0 = Release|Any CPU
		{27F76DFB-20E8-4184-8AE6-46D7ED3BABA5}.Debug|Any CPU.ActiveCfg = Debug|Any CPU
		{27F76DFB-20E8-4184-8AE6-46D7ED3BABA5}.Debug|Any CPU.Build.0 = Debug|Any CPU
		{27F76DFB-20E8-4184-8AE6-46D7ED3BABA5}.Debug|x64.ActiveCfg = Debug|Any CPU
		{27F76DFB-20E8-4184-8AE6-46D7ED3BABA5}.Debug|x64.Build.0 = Debug|Any CPU
		{27F76DFB-20E8-4184-8AE6-46D7ED3BABA5}.Debug|x86.ActiveCfg = Debug|Any CPU
		{27F76DFB-20E8-4184-8AE6-46D7ED3BABA5}.Debug|x86.Build.0 = Debug|Any CPU
		{27F76DFB-20E8-4184-8AE6-46D7ED3BABA5}.Release|Any CPU.ActiveCfg = Release|Any CPU
		{27F76DFB-20E8-4184-8AE6-46D7ED3BABA5}.Release|Any CPU.Build.0 = Release|Any CPU
		{27F76DFB-20E8-4184-8AE6-46D7ED3BABA5}.Release|x64.ActiveCfg = Release|Any CPU
		{27F76DFB-20E8-4184-8AE6-46D7ED3BABA5}.Release|x64.Build.0 = Release|Any CPU
		{27F76DFB-20E8-4184-8AE6-46D7ED3BABA5}.Release|x86.ActiveCfg = Release|Any CPU
		{27F76DFB-20E8-4184-8AE6-46D7ED3BABA5}.Release|x86.Build.0 = Release|Any CPU
		{260D9B17-5D2F-4EF4-8C1A-AD395505FF63}.Debug|Any CPU.ActiveCfg = Debug|Any CPU
		{260D9B17-5D2F-4EF4-8C1A-AD395505FF63}.Debug|Any CPU.Build.0 = Debug|Any CPU
		{260D9B17-5D2F-4EF4-8C1A-AD395505FF63}.Debug|x64.ActiveCfg = Debug|Any CPU
		{260D9B17-5D2F-4EF4-8C1A-AD395505FF63}.Debug|x64.Build.0 = Debug|Any CPU
		{260D9B17-5D2F-4EF4-8C1A-AD395505FF63}.Debug|x86.ActiveCfg = Debug|Any CPU
		{260D9B17-5D2F-4EF4-8C1A-AD395505FF63}.Debug|x86.Build.0 = Debug|Any CPU
		{260D9B17-5D2F-4EF4-8C1A-AD395505FF63}.Release|Any CPU.ActiveCfg = Release|Any CPU
		{260D9B17-5D2F-4EF4-8C1A-AD395505FF63}.Release|Any CPU.Build.0 = Release|Any CPU
		{260D9B17-5D2F-4EF4-8C1A-AD395505FF63}.Release|x64.ActiveCfg = Release|Any CPU
		{260D9B17-5D2F-4EF4-8C1A-AD395505FF63}.Release|x64.Build.0 = Release|Any CPU
		{260D9B17-5D2F-4EF4-8C1A-AD395505FF63}.Release|x86.ActiveCfg = Release|Any CPU
		{260D9B17-5D2F-4EF4-8C1A-AD395505FF63}.Release|x86.Build.0 = Release|Any CPU
		{5216BD33-EE21-4666-BFF4-F8FA23109D35}.Debug|Any CPU.ActiveCfg = Debug|Any CPU
		{5216BD33-EE21-4666-BFF4-F8FA23109D35}.Debug|Any CPU.Build.0 = Debug|Any CPU
		{5216BD33-EE21-4666-BFF4-F8FA23109D35}.Debug|x64.ActiveCfg = Debug|Any CPU
		{5216BD33-EE21-4666-BFF4-F8FA23109D35}.Debug|x64.Build.0 = Debug|Any CPU
		{5216BD33-EE21-4666-BFF4-F8FA23109D35}.Debug|x86.ActiveCfg = Debug|Any CPU
		{5216BD33-EE21-4666-BFF4-F8FA23109D35}.Debug|x86.Build.0 = Debug|Any CPU
		{5216BD33-EE21-4666-BFF4-F8FA23109D35}.Release|Any CPU.ActiveCfg = Release|Any CPU
		{5216BD33-EE21-4666-BFF4-F8FA23109D35}.Release|Any CPU.Build.0 = Release|Any CPU
		{5216BD33-EE21-4666-BFF4-F8FA23109D35}.Release|x64.ActiveCfg = Release|Any CPU
		{5216BD33-EE21-4666-BFF4-F8FA23109D35}.Release|x64.Build.0 = Release|Any CPU
		{5216BD33-EE21-4666-BFF4-F8FA23109D35}.Release|x86.ActiveCfg = Release|Any CPU
		{5216BD33-EE21-4666-BFF4-F8FA23109D35}.Release|x86.Build.0 = Release|Any CPU
		{7F65A10C-6039-4A69-8B53-DA640DB730C4}.Debug|Any CPU.ActiveCfg = Debug|Any CPU
		{7F65A10C-6039-4A69-8B53-DA640DB730C4}.Debug|Any CPU.Build.0 = Debug|Any CPU
		{7F65A10C-6039-4A69-8B53-DA640DB730C4}.Debug|x64.ActiveCfg = Debug|Any CPU
		{7F65A10C-6039-4A69-8B53-DA640DB730C4}.Debug|x64.Build.0 = Debug|Any CPU
		{7F65A10C-6039-4A69-8B53-DA640DB730C4}.Debug|x86.ActiveCfg = Debug|Any CPU
		{7F65A10C-6039-4A69-8B53-DA640DB730C4}.Debug|x86.Build.0 = Debug|Any CPU
		{7F65A10C-6039-4A69-8B53-DA640DB730C4}.Release|Any CPU.ActiveCfg = Release|Any CPU
		{7F65A10C-6039-4A69-8B53-DA640DB730C4}.Release|Any CPU.Build.0 = Release|Any CPU
		{7F65A10C-6039-4A69-8B53-DA640DB730C4}.Release|x64.ActiveCfg = Release|Any CPU
		{7F65A10C-6039-4A69-8B53-DA640DB730C4}.Release|x64.Build.0 = Release|Any CPU
		{7F65A10C-6039-4A69-8B53-DA640DB730C4}.Release|x86.ActiveCfg = Release|Any CPU
		{7F65A10C-6039-4A69-8B53-DA640DB730C4}.Release|x86.Build.0 = Release|Any CPU
		{001D96A1-6792-48DA-B5DF-53A2FA75BDAA}.Debug|Any CPU.ActiveCfg = Debug|Any CPU
		{001D96A1-6792-48DA-B5DF-53A2FA75BDAA}.Debug|Any CPU.Build.0 = Debug|Any CPU
		{001D96A1-6792-48DA-B5DF-53A2FA75BDAA}.Debug|x64.ActiveCfg = Debug|Any CPU
		{001D96A1-6792-48DA-B5DF-53A2FA75BDAA}.Debug|x64.Build.0 = Debug|Any CPU
		{001D96A1-6792-48DA-B5DF-53A2FA75BDAA}.Debug|x86.ActiveCfg = Debug|Any CPU
		{001D96A1-6792-48DA-B5DF-53A2FA75BDAA}.Debug|x86.Build.0 = Debug|Any CPU
		{001D96A1-6792-48DA-B5DF-53A2FA75BDAA}.Release|Any CPU.ActiveCfg = Release|Any CPU
		{001D96A1-6792-48DA-B5DF-53A2FA75BDAA}.Release|Any CPU.Build.0 = Release|Any CPU
		{001D96A1-6792-48DA-B5DF-53A2FA75BDAA}.Release|x64.ActiveCfg = Release|Any CPU
		{001D96A1-6792-48DA-B5DF-53A2FA75BDAA}.Release|x64.Build.0 = Release|Any CPU
		{001D96A1-6792-48DA-B5DF-53A2FA75BDAA}.Release|x86.ActiveCfg = Release|Any CPU
		{001D96A1-6792-48DA-B5DF-53A2FA75BDAA}.Release|x86.Build.0 = Release|Any CPU
	EndGlobalSection
	GlobalSection(SolutionProperties) = preSolution
		HideSolutionNode = FALSE
	EndGlobalSection
	GlobalSection(NestedProjects) = preSolution
		{DBF414CE-E466-AF6A-9693-C8A5761A0E84} = {06B99554-4727-E1A3-3947-2D0EB7A330A7}
		{5651F520-E9C4-4F96-9FC0-3481F76B89B5} = {DBF414CE-E466-AF6A-9693-C8A5761A0E84}
		{8B46874D-F246-49B5-E495-1B29B5978DE5} = {06B99554-4727-E1A3-3947-2D0EB7A330A7}
		{20980257-CC88-4D05-B261-2ECC8ED7FF29} = {8B46874D-F246-49B5-E495-1B29B5978DE5}
		{57539CC6-0B5F-65CC-AE28-04ACAF09CC5F} = {06B99554-4727-E1A3-3947-2D0EB7A330A7}
		{27F76DFB-20E8-4184-8AE6-46D7ED3BABA5} = {57539CC6-0B5F-65CC-AE28-04ACAF09CC5F}
		{918D3FED-AB16-7BB2-F54E-AA1C2B74674E} = {06B99554-4727-E1A3-3947-2D0EB7A330A7}
		{260D9B17-5D2F-4EF4-8C1A-AD395505FF63} = {918D3FED-AB16-7BB2-F54E-AA1C2B74674E}
		{34A8AD83-7EE0-4B86-B452-38A414AA89E9} = {06B99554-4727-E1A3-3947-2D0EB7A330A7}
		{5216BD33-EE21-4666-BFF4-F8FA23109D35} = {34A8AD83-7EE0-4B86-B452-38A414AA89E9}
		{88536BA5-6920-5495-2A4E-8B7C8BF94B4E} = {06B99554-4727-E1A3-3947-2D0EB7A330A7}
		{7F65A10C-6039-4A69-8B53-DA640DB730C4} = {88536BA5-6920-5495-2A4E-8B7C8BF94B4E}
		{6C392E52-E4AF-E1DA-14FF-33CD6EC4508C} = {06B99554-4727-E1A3-3947-2D0EB7A330A7}
		{001D96A1-6792-48DA-B5DF-53A2FA75BDAA} = {6C392E52-E4AF-E1DA-14FF-33CD6EC4508C}
	EndGlobalSection
	GlobalSection(ExtensibilityGlobals) = postSolution
		SolutionGuid = {AB5FF119-9C9F-44BA-B810-843521322817}
	EndGlobalSection
EndGlobal
