
Microsoft Visual Studio Solution File, Format Version 12.00
# Visual Studio Version 17
VisualStudioVersion = 17.6.33829.357
MinimumVisualStudioVersion = 10.0.40219.1
Project("{9A19103F-16F7-4668-BE54-9A1E7A4F7556}") = "PLangConsole", "PLangConsole.csproj", "{09B36D40-9B52-4525-95AD-14C83C86F1EF}"
EndProject
Global
	GlobalSection(SolutionConfigurationPlatforms) = preSolution
		Debug|Any CPU = Debug|Any CPU
		Release|Any CPU = Release|Any CPU
	EndGlobalSection
	GlobalSection(ProjectConfigurationPlatforms) = postSolution
		{09B36D40-9B52-4525-95AD-14C83C86F1EF}.Debug|Any CPU.ActiveCfg = Debug|Any CPU
		{09B36D40-9B52-4525-95AD-14C83C86F1EF}.Debug|Any CPU.Build.0 = Debug|Any CPU
		{09B36D40-9B52-4525-95AD-14C83C86F1EF}.Release|Any CPU.ActiveCfg = Release|Any CPU
		{09B36D40-9B52-4525-95AD-14C83C86F1EF}.Release|Any CPU.Build.0 = Release|Any CPU
	EndGlobalSection
	GlobalSection(SolutionProperties) = preSolution
		HideSolutionNode = FALSE
	EndGlobalSection
	GlobalSection(ExtensibilityGlobals) = postSolution
		SolutionGuid = {02CA0007-1328-499C-A82C-62DED80F87A6}
	EndGlobalSection
EndGlobal
